# This file is automatically @generated by Cargo.
# It is not intended for manual editing.
version = 3

[[package]]
name = "aarch64-active"
version = "0.1.0"
dependencies = [
 "transitive",
]

[[package]]
name = "bitflags"
version = "1.3.2"
source = "registry+https://github.com/rust-lang/crates.io-index"
checksum = "bef38d45163c2f1dde094a7dfd33ccf595c92905c8f8f4fdc18d06fb1037718a"

[[package]]
name = "bytes"
version = "0.5.4"
source = "registry+https://github.com/rust-lang/crates.io-index"
checksum = "130aac562c0dd69c56b3b1cc8ffd2e17be31d0b6c25b61c96b76231aa23e39e1"

[[package]]
name = "debug-ignore"
version = "1.0.5"
source = "registry+https://github.com/rust-lang/crates.io-index"
checksum = "ffe7ed1d93f4553003e20b629abe9085e1e81b1429520f897f8f8860bc6dfc21"

[[package]]
name = "external"
version = "0.1.0"
dependencies = [
 "bytes",
 "transitive",
]

[[package]]
name = "guppy-workspace-hack"
version = "0.1.0"
source = "registry+https://github.com/rust-lang/crates.io-index"
checksum = "92620684d99f750bae383ecb3be3748142d6095760afd5cbcf2261e9a279d780"

[[package]]
name = "inactive"
version = "0.1.0"
dependencies = [
 "transitive",
]

[[package]]
name = "internal"
version = "0.1.0"
dependencies = [
 "aarch64-active",
 "bytes",
 "external",
 "internal-macro",
 "lazy_static",
 "x86-active",
]

[[package]]
name = "internal-macro"
version = "0.1.0"
dependencies = [
 "external",
]

[[package]]
name = "lazy_static"
version = "1.4.0"
source = "registry+https://github.com/rust-lang/crates.io-index"
checksum = "e2abad23fbc42b3700f2f279844dc832adb2b2eb069b2df918f455c4e18cc646"
dependencies = [
 "spin",
]

[[package]]
name = "main"
version = "0.1.0"
dependencies = [
 "external",
 "inactive",
 "internal",
 "internal-macro",
]

[[package]]
name = "nextest-workspace-hack"
version = "0.1.0"
source = "registry+https://github.com/rust-lang/crates.io-index"
checksum = "d906846a98739ed9d73d66e62c2641eef8321f1734b7a1156ab045a0248fb2b3"

[[package]]
name = "redox_syscall"
version = "0.3.5"
source = "registry+https://github.com/rust-lang/crates.io-index"
checksum = "567664f262709473930a4bf9e51bf2ebf3348f2e748ccc50dea20646858f8f29"
dependencies = [
 "bitflags",
]

[[package]]
name = "redox_syscall"
version = "0.4.1"
source = "registry+https://github.com/rust-lang/crates.io-index"
checksum = "4722d768eff46b75989dd134e5c353f0d6296e5aaa3132e776cbdb56be7731aa"
dependencies = [
 "bitflags",
]

[[package]]
name = "side"
version = "0.1.0"
dependencies = [
 "debug-ignore",
 "external",
 "guppy-workspace-hack",
 "nextest-workspace-hack",
 "redox_syscall 0.3.5",
 "redox_syscall 0.4.1",
]

[[package]]
name = "spin"
version = "0.5.2"
source = "registry+https://github.com/rust-lang/crates.io-index"
checksum = "6e63cff320ae2c57904679ba7cb63280a3dc4613885beafb148ee7bf9aa9042d"

[[package]]
name = "transitive"
version = "0.1.0"

[[package]]
name = "x86-active"
version = "0.1.0"
dependencies = [
 "transitive",
]
