# This file is automatically @generated by Cargo.
# It is not intended for manual editing.
version = 4

[[package]]
name = "hostuser"
version = "0.1.0"
dependencies = [
 "normaldep",
]

[[package]]
name = "main"
version = "0.1.0"
dependencies = [
 "hostuser",
 "normaldep",
 "optbuilddep",
 "platdep",
 "pmdep",
 "reqbuilddep",
 "targetuser",
]

[[package]]
name = "normaldep"
version = "0.1.0"

[[package]]
name = "optbuilddep"
version = "0.1.0"

[[package]]
name = "platdep"
version = "0.1.0"

[[package]]
name = "pmdep"
version = "0.1.0"

[[package]]
name = "reqbuilddep"
version = "0.1.0"

[[package]]
name = "targetuser"
version = "0.1.0"
dependencies = [
 "reqbuilddep",
]
